
Microsoft Visual Studio Solution File, Format Version 12.00
# Visual Studio Version 17
VisualStudioVersion = 17.5.33530.505
MinimumVisualStudioVersion = 10.0.40219.1
Project("{FAE04EC0-301F-11D3-BF4B-00C04F79EFBC}") = "AccountsApp", "AccountsApp.csproj", "{728279F6-B3B6-422F-A790-AC4C1C9AB504}"
EndProject
Global
	GlobalSection(SolutionConfigurationPlatforms) = preSolution
		Debug|Any CPU = Debug|Any CPU
		Release|Any CPU = Release|Any CPU
	EndGlobalSection
	GlobalSection(ProjectConfigurationPlatforms) = postSolution
		{728279F6-B3B6-422F-A790-AC4C1C9AB504}.Debug|Any CPU.ActiveCfg = Debug|Any CPU
		{728279F6-B3B6-422F-A790-AC4C1C9AB504}.Debug|Any CPU.Build.0 = Debug|Any CPU
		{728279F6-B3B6-422F-A790-AC4C1C9AB504}.Release|Any CPU.ActiveCfg = Release|Any CPU
		{728279F6-B3B6-422F-A790-AC4C1C9AB504}.Release|Any CPU.Build.0 = Release|Any CPU
	EndGlobalSection
	GlobalSection(SolutionProperties) = preSolution
		HideSolutionNode = FALSE
	EndGlobalSection
	GlobalSection(ExtensibilityGlobals) = postSolution
		SolutionGuid = {791B98CA-2DD7-4384-B015-C2C3E589A2DA}
	EndGlobalSection
EndGlobal
